
Microsoft Visual Studio Solution File, Format Version 12.00
# Visual Studio Version 16
VisualStudioVersion = 16.0.31613.86
MinimumVisualStudioVersion = 10.0.40219.1
Project("{FAE04EC0-301F-11D3-BF4B-00C04F79EFBC}") = "Artemis_Pack_Tool", "Artemis_Pack_Tool\Artemis_Pack_Tool.csproj", "{E7A24FF3-7F9C-4FA8-A8A2-DE8091B89807}"
EndProject
Global
	GlobalSection(SolutionConfigurationPlatforms) = preSolution
		Debug|Any CPU = Debug|Any CPU
		Release|Any CPU = Release|Any CPU
	EndGlobalSection
	GlobalSection(ProjectConfigurationPlatforms) = postSolution
		{E7A24FF3-7F9C-4FA8-A8A2-DE8091B89807}.Debug|Any CPU.ActiveCfg = Debug|Any CPU
		{E7A24FF3-7F9C-4FA8-A8A2-DE8091B89807}.Debug|Any CPU.Build.0 = Debug|Any CPU
		{E7A24FF3-7F9C-4FA8-A8A2-DE8091B89807}.Release|Any CPU.ActiveCfg = Release|Any CPU
		{E7A24FF3-7F9C-4FA8-A8A2-DE8091B89807}.Release|Any CPU.Build.0 = Release|Any CPU
	EndGlobalSection
	GlobalSection(SolutionProperties) = preSolution
		HideSolutionNode = FALSE
	EndGlobalSection
	GlobalSection(ExtensibilityGlobals) = postSolution
		SolutionGuid = {A24186DA-BB16-4CC7-A3D5-CF35C82CF721}
	EndGlobalSection
EndGlobal
